// !$*UTF8*$!
{
	archiveVersion = 1;
	classes = {
	};
	objectVersion = 46;
	objects = {

/* Begin PBXBuildFile section */
		84008F9F1EE7B07100FEBC96 /* ProfileVC.swift in Sources */ = {isa = PBXBuildFile; fileRef = 84008F9E1EE7B07100FEBC96 /* ProfileVC.swift */; };
		84008FA11EE7BC9600FEBC96 /* HomeVC.swift in Sources */ = {isa = PBXBuildFile; fileRef = 84008FA01EE7BC9600FEBC96 /* HomeVC.swift */; };
		84008FA31EE7BCD300FEBC96 /* DashboardVC.swift in Sources */ = {isa = PBXBuildFile; fileRef = 84008FA21EE7BCD300FEBC96 /* DashboardVC.swift */; };
		84008FA51EE7BD1400FEBC96 /* ServiceProviderVC.swift in Sources */ = {isa = PBXBuildFile; fileRef = 84008FA41EE7BD1400FEBC96 /* ServiceProviderVC.swift */; };
		84008FA71EE7BD6900FEBC96 /* NearbyVC.swift in Sources */ = {isa = PBXBuildFile; fileRef = 84008FA61EE7BD6900FEBC96 /* NearbyVC.swift */; };
		84008FA91EE7BDA100FEBC96 /* ForumVC.swift in Sources */ = {isa = PBXBuildFile; fileRef = 84008FA81EE7BDA100FEBC96 /* ForumVC.swift */; };
		84008FAB1EE7BEFB00FEBC96 /* SupplierVC.swift in Sources */ = {isa = PBXBuildFile; fileRef = 84008FAA1EE7BEFB00FEBC96 /* SupplierVC.swift */; };
		84008FAD1EE7BF3900FEBC96 /* MyCutomersVC.swift in Sources */ = {isa = PBXBuildFile; fileRef = 84008FAC1EE7BF3900FEBC96 /* MyCutomersVC.swift */; };
		84008FAF1EE7BFAA00FEBC96 /* ListingVC.swift in Sources */ = {isa = PBXBuildFile; fileRef = 84008FAE1EE7BFAA00FEBC96 /* ListingVC.swift */; };
		84008FB11EE7C00700FEBC96 /* PropertyVC.swift in Sources */ = {isa = PBXBuildFile; fileRef = 84008FB01EE7C00700FEBC96 /* PropertyVC.swift */; };
		84008FB31EE7C04F00FEBC96 /* CompanyVC.swift in Sources */ = {isa = PBXBuildFile; fileRef = 84008FB21EE7C04F00FEBC96 /* CompanyVC.swift */; };
		84008FB71EE7F70400FEBC96 /* SearchTVC.swift in Sources */ = {isa = PBXBuildFile; fileRef = 84008FB61EE7F70400FEBC96 /* SearchTVC.swift */; };
		840DA0601F26049B000BBE19 /* ServiceProviderProfileVC.swift in Sources */ = {isa = PBXBuildFile; fileRef = 840DA05F1F26049B000BBE19 /* ServiceProviderProfileVC.swift */; };
		840E06361F2B407100FA65F0 /* ImageViewCell.swift in Sources */ = {isa = PBXBuildFile; fileRef = 840E06341F2B407100FA65F0 /* ImageViewCell.swift */; };
		840E06371F2B407100FA65F0 /* ImageViewCell.xib in Resources */ = {isa = PBXBuildFile; fileRef = 840E06351F2B407100FA65F0 /* ImageViewCell.xib */; };
		841003771F3C772C00E92329 /* SearchItem.swift in Sources */ = {isa = PBXBuildFile; fileRef = 841003761F3C772C00E92329 /* SearchItem.swift */; };
		8410037A1F3C774E00E92329 /* SearchItemCell.swift in Sources */ = {isa = PBXBuildFile; fileRef = 841003781F3C774E00E92329 /* SearchItemCell.swift */; };
		8410037B1F3C774E00E92329 /* SearchItemCell.xib in Resources */ = {isa = PBXBuildFile; fileRef = 841003791F3C774E00E92329 /* SearchItemCell.xib */; };
		8410330B1F29E20100EE0040 /* PropertyProfileVC.swift in Sources */ = {isa = PBXBuildFile; fileRef = 8410330A1F29E20100EE0040 /* PropertyProfileVC.swift */; };
		8436192E1EDD588500BE1FD2 /* AppDelegate.swift in Sources */ = {isa = PBXBuildFile; fileRef = 8436192D1EDD588500BE1FD2 /* AppDelegate.swift */; };
		843619331EDD588500BE1FD2 /* Main.storyboard in Resources */ = {isa = PBXBuildFile; fileRef = 843619311EDD588500BE1FD2 /* Main.storyboard */; };
		843619361EDD588500BE1FD2 /* letusintroduceyou.xcdatamodeld in Sources */ = {isa = PBXBuildFile; fileRef = 843619341EDD588500BE1FD2 /* letusintroduceyou.xcdatamodeld */; };
		843619381EDD588500BE1FD2 /* Assets.xcassets in Resources */ = {isa = PBXBuildFile; fileRef = 843619371EDD588500BE1FD2 /* Assets.xcassets */; };
		8436193B1EDD588500BE1FD2 /* LaunchScreen.storyboard in Resources */ = {isa = PBXBuildFile; fileRef = 843619391EDD588500BE1FD2 /* LaunchScreen.storyboard */; };
		84373CFC1F0F754D0035FF33 /* ServiceProviderCell.swift in Sources */ = {isa = PBXBuildFile; fileRef = 84373CFA1F0F754D0035FF33 /* ServiceProviderCell.swift */; };
		84373CFD1F0F754D0035FF33 /* ServiceProviderCell.xib in Resources */ = {isa = PBXBuildFile; fileRef = 84373CFB1F0F754D0035FF33 /* ServiceProviderCell.xib */; };
		84373CFF1F0FA4C10035FF33 /* ServiceProvider.swift in Sources */ = {isa = PBXBuildFile; fileRef = 84373CFE1F0FA4C10035FF33 /* ServiceProvider.swift */; };
		84373D041F0FD0230035FF33 /* SupplierCell.swift in Sources */ = {isa = PBXBuildFile; fileRef = 84373D021F0FD0230035FF33 /* SupplierCell.swift */; };
		84373D051F0FD0230035FF33 /* SupplierCell.xib in Resources */ = {isa = PBXBuildFile; fileRef = 84373D031F0FD0230035FF33 /* SupplierCell.xib */; };
		84373D071F10093D0035FF33 /* Supplier.swift in Sources */ = {isa = PBXBuildFile; fileRef = 84373D061F10093D0035FF33 /* Supplier.swift */; };
		84446E871EE165B900ED285D /* UserTypeVC.swift in Sources */ = {isa = PBXBuildFile; fileRef = 84446E861EE165B900ED285D /* UserTypeVC.swift */; };
		84446E8A1EE16C7400ED285D /* UserTypeCell.swift in Sources */ = {isa = PBXBuildFile; fileRef = 84446E891EE16C7400ED285D /* UserTypeCell.swift */; };
		844D423D1EE523AB008AA8F4 /* MyTabBarController.swift in Sources */ = {isa = PBXBuildFile; fileRef = 844D423C1EE523AB008AA8F4 /* MyTabBarController.swift */; };
		844D48E11EE536E500EC6950 /* URLs.swift in Sources */ = {isa = PBXBuildFile; fileRef = 844D48E01EE536E500EC6950 /* URLs.swift */; };
		84525D301F42D5DD00EB4524 /* CoreData.swift in Sources */ = {isa = PBXBuildFile; fileRef = 84525D2F1F42D5DD00EB4524 /* CoreData.swift */; };
		8472144B1F0A252200DE71E3 /* ManagePropertyVC.swift in Sources */ = {isa = PBXBuildFile; fileRef = 8472144A1F0A252200DE71E3 /* ManagePropertyVC.swift */; };
		8472144D1F0A254700DE71E3 /* OfferedPropertyVC.swift in Sources */ = {isa = PBXBuildFile; fileRef = 8472144C1F0A254700DE71E3 /* OfferedPropertyVC.swift */; };
		8472144F1F0A317800DE71E3 /* SoldPropertyVC.swift in Sources */ = {isa = PBXBuildFile; fileRef = 8472144E1F0A317800DE71E3 /* SoldPropertyVC.swift */; };
		847214511F0A319100DE71E3 /* FavouritePropertyVC.swift in Sources */ = {isa = PBXBuildFile; fileRef = 847214501F0A319100DE71E3 /* FavouritePropertyVC.swift */; };
		847214531F0A31B600DE71E3 /* BiddedPropertyVC.swift in Sources */ = {isa = PBXBuildFile; fileRef = 847214521F0A31B600DE71E3 /* BiddedPropertyVC.swift */; };
		847214551F0A31CB00DE71E3 /* PurchasedPropertyVC.swift in Sources */ = {isa = PBXBuildFile; fileRef = 847214541F0A31CB00DE71E3 /* PurchasedPropertyVC.swift */; };
		847214581F0A580200DE71E3 /* PropertyListCell.swift in Sources */ = {isa = PBXBuildFile; fileRef = 847214561F0A580200DE71E3 /* PropertyListCell.swift */; };
		847214591F0A580200DE71E3 /* PropertyListCell.xib in Resources */ = {isa = PBXBuildFile; fileRef = 847214571F0A580200DE71E3 /* PropertyListCell.xib */; };
		847AE64E1F472DC300C8B6AB /* AddPropertyViewController.swift in Sources */ = {isa = PBXBuildFile; fileRef = 847AE64D1F472DC300C8B6AB /* AddPropertyViewController.swift */; };
		848A7F981F4AB00600D374BD /* AddPropertyVC.swift in Sources */ = {isa = PBXBuildFile; fileRef = 848A7F971F4AB00600D374BD /* AddPropertyVC.swift */; };
		848BE7571EFBA59D000E8A6B /* AppUser.swift in Sources */ = {isa = PBXBuildFile; fileRef = 848BE7561EFBA59D000E8A6B /* AppUser.swift */; };
		84931D551EE698890050D4D6 /* Constants.swift in Sources */ = {isa = PBXBuildFile; fileRef = 84931D541EE698890050D4D6 /* Constants.swift */; };
		84961B361F286F1100E08793 /* SupplierProfileVC.swift in Sources */ = {isa = PBXBuildFile; fileRef = 84961B351F286F1100E08793 /* SupplierProfileVC.swift */; };
		84C0AF671EDFCB6F004C2FBD /* LoginVC.swift in Sources */ = {isa = PBXBuildFile; fileRef = 84C0AF661EDFCB6F004C2FBD /* LoginVC.swift */; };
		84C0AF691EDFCC04004C2FBD /* SignupVC.swift in Sources */ = {isa = PBXBuildFile; fileRef = 84C0AF681EDFCC04004C2FBD /* SignupVC.swift */; };
		84C0AF6C1EDFF452004C2FBD /* Extension.swift in Sources */ = {isa = PBXBuildFile; fileRef = 84C0AF6B1EDFF452004C2FBD /* Extension.swift */; };
		84E56A571F4EA66D00C50DFA /* Uploader.swift in Sources */ = {isa = PBXBuildFile; fileRef = 84E56A561F4EA66D00C50DFA /* Uploader.swift */; };
		84E9A80C1F0B658600C7471C /* Property.swift in Sources */ = {isa = PBXBuildFile; fileRef = 84E9A80B1F0B658600C7471C /* Property.swift */; };
		9BEBBC9AC4EFAD1C98E00C24 /* Pods_letusintroduceyou.framework in Frameworks */ = {isa = PBXBuildFile; fileRef = E1AD6F13E8EEBCAFB8869365 /* Pods_letusintroduceyou.framework */; };
/* End PBXBuildFile section */

/* Begin PBXFileReference section */
		84008F9E1EE7B07100FEBC96 /* ProfileVC.swift */ = {isa = PBXFileReference; fileEncoding = 4; lastKnownFileType = sourcecode.swift; path = ProfileVC.swift; sourceTree = "<group>"; };
		84008FA01EE7BC9600FEBC96 /* HomeVC.swift */ = {isa = PBXFileReference; fileEncoding = 4; lastKnownFileType = sourcecode.swift; path = HomeVC.swift; sourceTree = "<group>"; };
		84008FA21EE7BCD300FEBC96 /* DashboardVC.swift */ = {isa = PBXFileReference; fileEncoding = 4; lastKnownFileType = sourcecode.swift; path = DashboardVC.swift; sourceTree = "<group>"; };
		84008FA41EE7BD1400FEBC96 /* ServiceProviderVC.swift */ = {isa = PBXFileReference; fileEncoding = 4; lastKnownFileType = sourcecode.swift; path = ServiceProviderVC.swift; sourceTree = "<group>"; };
		84008FA61EE7BD6900FEBC96 /* NearbyVC.swift */ = {isa = PBXFileReference; fileEncoding = 4; lastKnownFileType = sourcecode.swift; path = NearbyVC.swift; sourceTree = "<group>"; };
		84008FA81EE7BDA100FEBC96 /* ForumVC.swift */ = {isa = PBXFileReference; fileEncoding = 4; lastKnownFileType = sourcecode.swift; path = ForumVC.swift; sourceTree = "<group>"; };
		84008FAA1EE7BEFB00FEBC96 /* SupplierVC.swift */ = {isa = PBXFileReference; fileEncoding = 4; lastKnownFileType = sourcecode.swift; path = SupplierVC.swift; sourceTree = "<group>"; };
		84008FAC1EE7BF3900FEBC96 /* MyCutomersVC.swift */ = {isa = PBXFileReference; fileEncoding = 4; lastKnownFileType = sourcecode.swift; path = MyCutomersVC.swift; sourceTree = "<group>"; };
		84008FAE1EE7BFAA00FEBC96 /* ListingVC.swift */ = {isa = PBXFileReference; fileEncoding = 4; lastKnownFileType = sourcecode.swift; path = ListingVC.swift; sourceTree = "<group>"; };
		84008FB01EE7C00700FEBC96 /* PropertyVC.swift */ = {isa = PBXFileReference; fileEncoding = 4; lastKnownFileType = sourcecode.swift; path = PropertyVC.swift; sourceTree = "<group>"; };
		84008FB21EE7C04F00FEBC96 /* CompanyVC.swift */ = {isa = PBXFileReference; fileEncoding = 4; lastKnownFileType = sourcecode.swift; path = CompanyVC.swift; sourceTree = "<group>"; };
		84008FB61EE7F70400FEBC96 /* SearchTVC.swift */ = {isa = PBXFileReference; fileEncoding = 4; lastKnownFileType = sourcecode.swift; path = SearchTVC.swift; sourceTree = "<group>"; };
		840DA05F1F26049B000BBE19 /* ServiceProviderProfileVC.swift */ = {isa = PBXFileReference; fileEncoding = 4; lastKnownFileType = sourcecode.swift; path = ServiceProviderProfileVC.swift; sourceTree = "<group>"; };
		840E06341F2B407100FA65F0 /* ImageViewCell.swift */ = {isa = PBXFileReference; fileEncoding = 4; lastKnownFileType = sourcecode.swift; path = ImageViewCell.swift; sourceTree = "<group>"; };
		840E06351F2B407100FA65F0 /* ImageViewCell.xib */ = {isa = PBXFileReference; fileEncoding = 4; lastKnownFileType = file.xib; path = ImageViewCell.xib; sourceTree = "<group>"; };
		841003761F3C772C00E92329 /* SearchItem.swift */ = {isa = PBXFileReference; fileEncoding = 4; lastKnownFileType = sourcecode.swift; path = SearchItem.swift; sourceTree = "<group>"; };
		841003781F3C774E00E92329 /* SearchItemCell.swift */ = {isa = PBXFileReference; fileEncoding = 4; lastKnownFileType = sourcecode.swift; path = SearchItemCell.swift; sourceTree = "<group>"; };
		841003791F3C774E00E92329 /* SearchItemCell.xib */ = {isa = PBXFileReference; fileEncoding = 4; lastKnownFileType = file.xib; path = SearchItemCell.xib; sourceTree = "<group>"; };
		8410330A1F29E20100EE0040 /* PropertyProfileVC.swift */ = {isa = PBXFileReference; fileEncoding = 4; lastKnownFileType = sourcecode.swift; path = PropertyProfileVC.swift; sourceTree = "<group>"; };
		8436192A1EDD588500BE1FD2 /* letusintroduceyou.app */ = {isa = PBXFileReference; explicitFileType = wrapper.application; includeInIndex = 0; path = letusintroduceyou.app; sourceTree = BUILT_PRODUCTS_DIR; };
		8436192D1EDD588500BE1FD2 /* AppDelegate.swift */ = {isa = PBXFileReference; lastKnownFileType = sourcecode.swift; path = AppDelegate.swift; sourceTree = "<group>"; };
		843619321EDD588500BE1FD2 /* Base */ = {isa = PBXFileReference; lastKnownFileType = file.storyboard; name = Base; path = Base.lproj/Main.storyboard; sourceTree = "<group>"; };
		843619351EDD588500BE1FD2 /* letusintroduceyou.xcdatamodel */ = {isa = PBXFileReference; lastKnownFileType = wrapper.xcdatamodel; path = letusintroduceyou.xcdatamodel; sourceTree = "<group>"; };
		843619371EDD588500BE1FD2 /* Assets.xcassets */ = {isa = PBXFileReference; lastKnownFileType = folder.assetcatalog; path = Assets.xcassets; sourceTree = "<group>"; };
		8436193A1EDD588500BE1FD2 /* Base */ = {isa = PBXFileReference; lastKnownFileType = file.storyboard; name = Base; path = Base.lproj/LaunchScreen.storyboard; sourceTree = "<group>"; };
		8436193C1EDD588500BE1FD2 /* Info.plist */ = {isa = PBXFileReference; lastKnownFileType = text.plist.xml; path = Info.plist; sourceTree = "<group>"; };
		84373CFA1F0F754D0035FF33 /* ServiceProviderCell.swift */ = {isa = PBXFileReference; fileEncoding = 4; lastKnownFileType = sourcecode.swift; path = ServiceProviderCell.swift; sourceTree = "<group>"; };
		84373CFB1F0F754D0035FF33 /* ServiceProviderCell.xib */ = {isa = PBXFileReference; fileEncoding = 4; lastKnownFileType = file.xib; path = ServiceProviderCell.xib; sourceTree = "<group>"; };
		84373CFE1F0FA4C10035FF33 /* ServiceProvider.swift */ = {isa = PBXFileReference; fileEncoding = 4; lastKnownFileType = sourcecode.swift; path = ServiceProvider.swift; sourceTree = "<group>"; };
		84373D021F0FD0230035FF33 /* SupplierCell.swift */ = {isa = PBXFileReference; fileEncoding = 4; lastKnownFileType = sourcecode.swift; path = SupplierCell.swift; sourceTree = "<group>"; };
		84373D031F0FD0230035FF33 /* SupplierCell.xib */ = {isa = PBXFileReference; fileEncoding = 4; lastKnownFileType = file.xib; path = SupplierCell.xib; sourceTree = "<group>"; };
		84373D061F10093D0035FF33 /* Supplier.swift */ = {isa = PBXFileReference; fileEncoding = 4; lastKnownFileType = sourcecode.swift; path = Supplier.swift; sourceTree = "<group>"; };
		84446E861EE165B900ED285D /* UserTypeVC.swift */ = {isa = PBXFileReference; fileEncoding = 4; lastKnownFileType = sourcecode.swift; path = UserTypeVC.swift; sourceTree = "<group>"; };
		84446E891EE16C7400ED285D /* UserTypeCell.swift */ = {isa = PBXFileReference; fileEncoding = 4; lastKnownFileType = sourcecode.swift; path = UserTypeCell.swift; sourceTree = "<group>"; };
		844D423C1EE523AB008AA8F4 /* MyTabBarController.swift */ = {isa = PBXFileReference; fileEncoding = 4; lastKnownFileType = sourcecode.swift; path = MyTabBarController.swift; sourceTree = "<group>"; };
		844D48E01EE536E500EC6950 /* URLs.swift */ = {isa = PBXFileReference; fileEncoding = 4; lastKnownFileType = sourcecode.swift; path = URLs.swift; sourceTree = "<group>"; };
		84525D2F1F42D5DD00EB4524 /* CoreData.swift */ = {isa = PBXFileReference; fileEncoding = 4; lastKnownFileType = sourcecode.swift; path = CoreData.swift; sourceTree = "<group>"; };
		8472144A1F0A252200DE71E3 /* ManagePropertyVC.swift */ = {isa = PBXFileReference; fileEncoding = 4; lastKnownFileType = sourcecode.swift; path = ManagePropertyVC.swift; sourceTree = "<group>"; };
		8472144C1F0A254700DE71E3 /* OfferedPropertyVC.swift */ = {isa = PBXFileReference; fileEncoding = 4; lastKnownFileType = sourcecode.swift; path = OfferedPropertyVC.swift; sourceTree = "<group>"; };
		8472144E1F0A317800DE71E3 /* SoldPropertyVC.swift */ = {isa = PBXFileReference; fileEncoding = 4; lastKnownFileType = sourcecode.swift; path = SoldPropertyVC.swift; sourceTree = "<group>"; };
		847214501F0A319100DE71E3 /* FavouritePropertyVC.swift */ = {isa = PBXFileReference; fileEncoding = 4; lastKnownFileType = sourcecode.swift; path = FavouritePropertyVC.swift; sourceTree = "<group>"; };
		847214521F0A31B600DE71E3 /* BiddedPropertyVC.swift */ = {isa = PBXFileReference; fileEncoding = 4; lastKnownFileType = sourcecode.swift; path = BiddedPropertyVC.swift; sourceTree = "<group>"; };
		847214541F0A31CB00DE71E3 /* PurchasedPropertyVC.swift */ = {isa = PBXFileReference; fileEncoding = 4; lastKnownFileType = sourcecode.swift; path = PurchasedPropertyVC.swift; sourceTree = "<group>"; };
		847214561F0A580200DE71E3 /* PropertyListCell.swift */ = {isa = PBXFileReference; fileEncoding = 4; lastKnownFileType = sourcecode.swift; path = PropertyListCell.swift; sourceTree = "<group>"; };
		847214571F0A580200DE71E3 /* PropertyListCell.xib */ = {isa = PBXFileReference; fileEncoding = 4; lastKnownFileType = file.xib; path = PropertyListCell.xib; sourceTree = "<group>"; };
		847AE64D1F472DC300C8B6AB /* AddPropertyViewController.swift */ = {isa = PBXFileReference; fileEncoding = 4; lastKnownFileType = sourcecode.swift; path = AddPropertyViewController.swift; sourceTree = "<group>"; };
		848A7F971F4AB00600D374BD /* AddPropertyVC.swift */ = {isa = PBXFileReference; fileEncoding = 4; lastKnownFileType = sourcecode.swift; path = AddPropertyVC.swift; sourceTree = "<group>"; };
		848BE7561EFBA59D000E8A6B /* AppUser.swift */ = {isa = PBXFileReference; fileEncoding = 4; lastKnownFileType = sourcecode.swift; path = AppUser.swift; sourceTree = "<group>"; };
		84931D541EE698890050D4D6 /* Constants.swift */ = {isa = PBXFileReference; fileEncoding = 4; lastKnownFileType = sourcecode.swift; path = Constants.swift; sourceTree = "<group>"; };
		84961B351F286F1100E08793 /* SupplierProfileVC.swift */ = {isa = PBXFileReference; fileEncoding = 4; lastKnownFileType = sourcecode.swift; path = SupplierProfileVC.swift; sourceTree = "<group>"; };
		84C0AF661EDFCB6F004C2FBD /* LoginVC.swift */ = {isa = PBXFileReference; fileEncoding = 4; lastKnownFileType = sourcecode.swift; path = LoginVC.swift; sourceTree = "<group>"; };
		84C0AF681EDFCC04004C2FBD /* SignupVC.swift */ = {isa = PBXFileReference; fileEncoding = 4; lastKnownFileType = sourcecode.swift; path = SignupVC.swift; sourceTree = "<group>"; };
		84C0AF6B1EDFF452004C2FBD /* Extension.swift */ = {isa = PBXFileReference; fileEncoding = 4; lastKnownFileType = sourcecode.swift; path = Extension.swift; sourceTree = "<group>"; };
		84E56A561F4EA66D00C50DFA /* Uploader.swift */ = {isa = PBXFileReference; fileEncoding = 4; lastKnownFileType = sourcecode.swift; path = Uploader.swift; sourceTree = "<group>"; };
		84E9A80B1F0B658600C7471C /* Property.swift */ = {isa = PBXFileReference; fileEncoding = 4; lastKnownFileType = sourcecode.swift; path = Property.swift; sourceTree = "<group>"; };
		CA10F17CFD391C84F82B1869 /* Pods-letusintroduceyou.release.xcconfig */ = {isa = PBXFileReference; includeInIndex = 1; lastKnownFileType = text.xcconfig; name = "Pods-letusintroduceyou.release.xcconfig"; path = "Pods/Target Support Files/Pods-letusintroduceyou/Pods-letusintroduceyou.release.xcconfig"; sourceTree = "<group>"; };
		CBE7D3600A739708C7823F25 /* Pods-letusintroduceyou.debug.xcconfig */ = {isa = PBXFileReference; includeInIndex = 1; lastKnownFileType = text.xcconfig; name = "Pods-letusintroduceyou.debug.xcconfig"; path = "Pods/Target Support Files/Pods-letusintroduceyou/Pods-letusintroduceyou.debug.xcconfig"; sourceTree = "<group>"; };
		E1AD6F13E8EEBCAFB8869365 /* Pods_letusintroduceyou.framework */ = {isa = PBXFileReference; explicitFileType = wrapper.framework; includeInIndex = 0; path = Pods_letusintroduceyou.framework; sourceTree = BUILT_PRODUCTS_DIR; };
/* End PBXFileReference section */

/* Begin PBXFrameworksBuildPhase section */
		843619271EDD588500BE1FD2 /* Frameworks */ = {
			isa = PBXFrameworksBuildPhase;
			buildActionMask = 2147483647;
			files = (
				9BEBBC9AC4EFAD1C98E00C24 /* Pods_letusintroduceyou.framework in Frameworks */,
			);
			runOnlyForDeploymentPostprocessing = 0;
		};
/* End PBXFrameworksBuildPhase section */

/* Begin PBXGroup section */
		3D109B11B1EB886B1AE0D562 /* Frameworks */ = {
			isa = PBXGroup;
			children = (
				E1AD6F13E8EEBCAFB8869365 /* Pods_letusintroduceyou.framework */,
			);
			name = Frameworks;
			sourceTree = "<group>";
		};
		843619211EDD588500BE1FD2 = {
			isa = PBXGroup;
			children = (
				8436192C1EDD588500BE1FD2 /* letusintroduceyou */,
				8436192B1EDD588500BE1FD2 /* Products */,
				E283A9663D17169A3DEF4231 /* Pods */,
				3D109B11B1EB886B1AE0D562 /* Frameworks */,
			);
			sourceTree = "<group>";
		};
		8436192B1EDD588500BE1FD2 /* Products */ = {
			isa = PBXGroup;
			children = (
				8436192A1EDD588500BE1FD2 /* letusintroduceyou.app */,
			);
			name = Products;
			sourceTree = "<group>";
		};
		8436192C1EDD588500BE1FD2 /* letusintroduceyou */ = {
			isa = PBXGroup;
			children = (
				848BE7551EFBA55D000E8A6B /* model */,
				84446E881EE16C5A00ED285D /* cells */,
				84C0AF6A1EDFF42C004C2FBD /* utils */,
				84C0AF651EDFCB3A004C2FBD /* viewControllers */,
				8436192D1EDD588500BE1FD2 /* AppDelegate.swift */,
				843619311EDD588500BE1FD2 /* Main.storyboard */,
				843619371EDD588500BE1FD2 /* Assets.xcassets */,
				843619391EDD588500BE1FD2 /* LaunchScreen.storyboard */,
				8436193C1EDD588500BE1FD2 /* Info.plist */,
				843619341EDD588500BE1FD2 /* letusintroduceyou.xcdatamodeld */,
			);
			path = letusintroduceyou;
			sourceTree = "<group>";
		};
		84446E881EE16C5A00ED285D /* cells */ = {
			isa = PBXGroup;
			children = (
				84446E891EE16C7400ED285D /* UserTypeCell.swift */,
				847214561F0A580200DE71E3 /* PropertyListCell.swift */,
				847214571F0A580200DE71E3 /* PropertyListCell.xib */,
				84373CFA1F0F754D0035FF33 /* ServiceProviderCell.swift */,
				84373CFB1F0F754D0035FF33 /* ServiceProviderCell.xib */,
				84373D021F0FD0230035FF33 /* SupplierCell.swift */,
				84373D031F0FD0230035FF33 /* SupplierCell.xib */,
				840E06341F2B407100FA65F0 /* ImageViewCell.swift */,
				840E06351F2B407100FA65F0 /* ImageViewCell.xib */,
				841003781F3C774E00E92329 /* SearchItemCell.swift */,
				841003791F3C774E00E92329 /* SearchItemCell.xib */,
			);
			name = cells;
			sourceTree = "<group>";
		};
		848BE7551EFBA55D000E8A6B /* model */ = {
			isa = PBXGroup;
			children = (
				848BE7561EFBA59D000E8A6B /* AppUser.swift */,
				84E9A80B1F0B658600C7471C /* Property.swift */,
				84373CFE1F0FA4C10035FF33 /* ServiceProvider.swift */,
				84373D061F10093D0035FF33 /* Supplier.swift */,
				841003761F3C772C00E92329 /* SearchItem.swift */,
			);
			name = model;
			sourceTree = "<group>";
		};
		84C0AF651EDFCB3A004C2FBD /* viewControllers */ = {
			isa = PBXGroup;
			children = (
				84C0AF661EDFCB6F004C2FBD /* LoginVC.swift */,
				84C0AF681EDFCC04004C2FBD /* SignupVC.swift */,
				84446E861EE165B900ED285D /* UserTypeVC.swift */,
				844D423C1EE523AB008AA8F4 /* MyTabBarController.swift */,
				84008F9E1EE7B07100FEBC96 /* ProfileVC.swift */,
				84008FA01EE7BC9600FEBC96 /* HomeVC.swift */,
				84008FA21EE7BCD300FEBC96 /* DashboardVC.swift */,
				84008FA41EE7BD1400FEBC96 /* ServiceProviderVC.swift */,
				84008FA61EE7BD6900FEBC96 /* NearbyVC.swift */,
				84008FA81EE7BDA100FEBC96 /* ForumVC.swift */,
				84008FAA1EE7BEFB00FEBC96 /* SupplierVC.swift */,
				84008FAC1EE7BF3900FEBC96 /* MyCutomersVC.swift */,
				84008FAE1EE7BFAA00FEBC96 /* ListingVC.swift */,
				84008FB01EE7C00700FEBC96 /* PropertyVC.swift */,
				84008FB21EE7C04F00FEBC96 /* CompanyVC.swift */,
				84008FB61EE7F70400FEBC96 /* SearchTVC.swift */,
				8472144A1F0A252200DE71E3 /* ManagePropertyVC.swift */,
				8472144C1F0A254700DE71E3 /* OfferedPropertyVC.swift */,
				8472144E1F0A317800DE71E3 /* SoldPropertyVC.swift */,
				847214501F0A319100DE71E3 /* FavouritePropertyVC.swift */,
				847214521F0A31B600DE71E3 /* BiddedPropertyVC.swift */,
				847214541F0A31CB00DE71E3 /* PurchasedPropertyVC.swift */,
				840DA05F1F26049B000BBE19 /* ServiceProviderProfileVC.swift */,
				84961B351F286F1100E08793 /* SupplierProfileVC.swift */,
				8410330A1F29E20100EE0040 /* PropertyProfileVC.swift */,
				847AE64D1F472DC300C8B6AB /* AddPropertyViewController.swift */,
				848A7F971F4AB00600D374BD /* AddPropertyVC.swift */,
			);
			name = viewControllers;
			sourceTree = "<group>";
		};
		84C0AF6A1EDFF42C004C2FBD /* utils */ = {
			isa = PBXGroup;
			children = (
				84C0AF6B1EDFF452004C2FBD /* Extension.swift */,
				844D48E01EE536E500EC6950 /* URLs.swift */,
				84931D541EE698890050D4D6 /* Constants.swift */,
				84525D2F1F42D5DD00EB4524 /* CoreData.swift */,
				84E56A561F4EA66D00C50DFA /* Uploader.swift */,
			);
			name = utils;
			sourceTree = "<group>";
		};
		E283A9663D17169A3DEF4231 /* Pods */ = {
			isa = PBXGroup;
			children = (
				CBE7D3600A739708C7823F25 /* Pods-letusintroduceyou.debug.xcconfig */,
				CA10F17CFD391C84F82B1869 /* Pods-letusintroduceyou.release.xcconfig */,
			);
			name = Pods;
			sourceTree = "<group>";
		};
/* End PBXGroup section */

/* Begin PBXNativeTarget section */
		843619291EDD588500BE1FD2 /* letusintroduceyou */ = {
			isa = PBXNativeTarget;
			buildConfigurationList = 8436193F1EDD588500BE1FD2 /* Build configuration list for PBXNativeTarget "letusintroduceyou" */;
			buildPhases = (
				01BF5E9B73A582DFD7FDCFAE /* [CP] Check Pods Manifest.lock */,
				843619261EDD588500BE1FD2 /* Sources */,
				843619271EDD588500BE1FD2 /* Frameworks */,
				843619281EDD588500BE1FD2 /* Resources */,
				76873F1DE559B1AA8CF93426 /* [CP] Embed Pods Frameworks */,
				CF2B5F8D5CF34FADBF7650E7 /* [CP] Copy Pods Resources */,
			);
			buildRules = (
			);
			dependencies = (
			);
			name = letusintroduceyou;
			productName = letusintroduceyou;
			productReference = 8436192A1EDD588500BE1FD2 /* letusintroduceyou.app */;
			productType = "com.apple.product-type.application";
		};
/* End PBXNativeTarget section */

/* Begin PBXProject section */
		843619221EDD588500BE1FD2 /* Project object */ = {
			isa = PBXProject;
			attributes = {
				LastSwiftUpdateCheck = 0830;
				LastUpgradeCheck = 0830;
				ORGANIZATIONNAME = Admin;
				TargetAttributes = {
					843619291EDD588500BE1FD2 = {
						CreatedOnToolsVersion = 8.3.2;
						DevelopmentTeam = 4XK3P8EAYU;
						ProvisioningStyle = Automatic;
					};
				};
			};
			buildConfigurationList = 843619251EDD588500BE1FD2 /* Build configuration list for PBXProject "letusintroduceyou" */;
			compatibilityVersion = "Xcode 3.2";
			developmentRegion = English;
			hasScannedForEncodings = 0;
			knownRegions = (
				en,
				Base,
			);
			mainGroup = 843619211EDD588500BE1FD2;
			productRefGroup = 8436192B1EDD588500BE1FD2 /* Products */;
			projectDirPath = "";
			projectRoot = "";
			targets = (
				843619291EDD588500BE1FD2 /* letusintroduceyou */,
			);
		};
/* End PBXProject section */

/* Begin PBXResourcesBuildPhase section */
		843619281EDD588500BE1FD2 /* Resources */ = {
			isa = PBXResourcesBuildPhase;
			buildActionMask = 2147483647;
			files = (
				8410037B1F3C774E00E92329 /* SearchItemCell.xib in Resources */,
				8436193B1EDD588500BE1FD2 /* LaunchScreen.storyboard in Resources */,
				84373D051F0FD0230035FF33 /* SupplierCell.xib in Resources */,
				843619381EDD588500BE1FD2 /* Assets.xcassets in Resources */,
				847214591F0A580200DE71E3 /* PropertyListCell.xib in Resources */,
				84373CFD1F0F754D0035FF33 /* ServiceProviderCell.xib in Resources */,
				840E06371F2B407100FA65F0 /* ImageViewCell.xib in Resources */,
				843619331EDD588500BE1FD2 /* Main.storyboard in Resources */,
			);
			runOnlyForDeploymentPostprocessing = 0;
		};
/* End PBXResourcesBuildPhase section */

/* Begin PBXShellScriptBuildPhase section */
		01BF5E9B73A582DFD7FDCFAE /* [CP] Check Pods Manifest.lock */ = {
			isa = PBXShellScriptBuildPhase;
			buildActionMask = 2147483647;
			files = (
			);
			inputPaths = (
			);
			name = "[CP] Check Pods Manifest.lock";
			outputPaths = (
			);
			runOnlyForDeploymentPostprocessing = 0;
			shellPath = /bin/sh;
			shellScript = "diff \"${PODS_PODFILE_DIR_PATH}/Podfile.lock\" \"${PODS_ROOT}/Manifest.lock\" > /dev/null\nif [ $? != 0 ] ; then\n    # print error to STDERR\n    echo \"error: The sandbox is not in sync with the Podfile.lock. Run 'pod install' or update your CocoaPods installation.\" >&2\n    exit 1\nfi\n";
			showEnvVarsInLog = 0;
		};
		76873F1DE559B1AA8CF93426 /* [CP] Embed Pods Frameworks */ = {
			isa = PBXShellScriptBuildPhase;
			buildActionMask = 2147483647;
			files = (
			);
			inputPaths = (
			);
			name = "[CP] Embed Pods Frameworks";
			outputPaths = (
			);
			runOnlyForDeploymentPostprocessing = 0;
			shellPath = /bin/sh;
			shellScript = "\"${SRCROOT}/Pods/Target Support Files/Pods-letusintroduceyou/Pods-letusintroduceyou-frameworks.sh\"\n";
			showEnvVarsInLog = 0;
		};
		CF2B5F8D5CF34FADBF7650E7 /* [CP] Copy Pods Resources */ = {
			isa = PBXShellScriptBuildPhase;
			buildActionMask = 2147483647;
			files = (
			);
			inputPaths = (
			);
			name = "[CP] Copy Pods Resources";
			outputPaths = (
			);
			runOnlyForDeploymentPostprocessing = 0;
			shellPath = /bin/sh;
			shellScript = "\"${SRCROOT}/Pods/Target Support Files/Pods-letusintroduceyou/Pods-letusintroduceyou-resources.sh\"\n";
			showEnvVarsInLog = 0;
		};
/* End PBXShellScriptBuildPhase section */

/* Begin PBXSourcesBuildPhase section */
		843619261EDD588500BE1FD2 /* Sources */ = {
			isa = PBXSourcesBuildPhase;
			buildActionMask = 2147483647;
			files = (
				847214511F0A319100DE71E3 /* FavouritePropertyVC.swift in Sources */,
				84C0AF6C1EDFF452004C2FBD /* Extension.swift in Sources */,
				84008FAF1EE7BFAA00FEBC96 /* ListingVC.swift in Sources */,
				84373D041F0FD0230035FF33 /* SupplierCell.swift in Sources */,
				84008FA31EE7BCD300FEBC96 /* DashboardVC.swift in Sources */,
				84008FA11EE7BC9600FEBC96 /* HomeVC.swift in Sources */,
				844D48E11EE536E500EC6950 /* URLs.swift in Sources */,
				844D423D1EE523AB008AA8F4 /* MyTabBarController.swift in Sources */,
				84008FB11EE7C00700FEBC96 /* PropertyVC.swift in Sources */,
				847214531F0A31B600DE71E3 /* BiddedPropertyVC.swift in Sources */,
				84008FA91EE7BDA100FEBC96 /* ForumVC.swift in Sources */,
				84C0AF691EDFCC04004C2FBD /* SignupVC.swift in Sources */,
				84E56A571F4EA66D00C50DFA /* Uploader.swift in Sources */,
				84373CFF1F0FA4C10035FF33 /* ServiceProvider.swift in Sources */,
				84961B361F286F1100E08793 /* SupplierProfileVC.swift in Sources */,
				84008FA51EE7BD1400FEBC96 /* ServiceProviderVC.swift in Sources */,
				848BE7571EFBA59D000E8A6B /* AppUser.swift in Sources */,
				8472144D1F0A254700DE71E3 /* OfferedPropertyVC.swift in Sources */,
				8410330B1F29E20100EE0040 /* PropertyProfileVC.swift in Sources */,
				8436192E1EDD588500BE1FD2 /* AppDelegate.swift in Sources */,
				84446E8A1EE16C7400ED285D /* UserTypeCell.swift in Sources */,
				84373D071F10093D0035FF33 /* Supplier.swift in Sources */,
				840DA0601F26049B000BBE19 /* ServiceProviderProfileVC.swift in Sources */,
				8472144F1F0A317800DE71E3 /* SoldPropertyVC.swift in Sources */,
				847214581F0A580200DE71E3 /* PropertyListCell.swift in Sources */,
				841003771F3C772C00E92329 /* SearchItem.swift in Sources */,
				84008FB71EE7F70400FEBC96 /* SearchTVC.swift in Sources */,
				84446E871EE165B900ED285D /* UserTypeVC.swift in Sources */,
				8472144B1F0A252200DE71E3 /* ManagePropertyVC.swift in Sources */,
				847214551F0A31CB00DE71E3 /* PurchasedPropertyVC.swift in Sources */,
				840E06361F2B407100FA65F0 /* ImageViewCell.swift in Sources */,
				84008FAD1EE7BF3900FEBC96 /* MyCutomersVC.swift in Sources */,
				84E9A80C1F0B658600C7471C /* Property.swift in Sources */,
				847AE64E1F472DC300C8B6AB /* AddPropertyViewController.swift in Sources */,
				84008FAB1EE7BEFB00FEBC96 /* SupplierVC.swift in Sources */,
				84008F9F1EE7B07100FEBC96 /* ProfileVC.swift in Sources */,
				8410037A1F3C774E00E92329 /* SearchItemCell.swift in Sources */,
				843619361EDD588500BE1FD2 /* letusintroduceyou.xcdatamodeld in Sources */,
				84C0AF671EDFCB6F004C2FBD /* LoginVC.swift in Sources */,
				84931D551EE698890050D4D6 /* Constants.swift in Sources */,
				84008FA71EE7BD6900FEBC96 /* NearbyVC.swift in Sources */,
				84008FB31EE7C04F00FEBC96 /* CompanyVC.swift in Sources */,
				848A7F981F4AB00600D374BD /* AddPropertyVC.swift in Sources */,
				84373CFC1F0F754D0035FF33 /* ServiceProviderCell.swift in Sources */,
				84525D301F42D5DD00EB4524 /* CoreData.swift in Sources */,
			);
			runOnlyForDeploymentPostprocessing = 0;
		};
/* End PBXSourcesBuildPhase section */

/* Begin PBXVariantGroup section */
		843619311EDD588500BE1FD2 /* Main.storyboard */ = {
			isa = PBXVariantGroup;
			children = (
				843619321EDD588500BE1FD2 /* Base */,
			);
			name = Main.storyboard;
			sourceTree = "<group>";
		};
		843619391EDD588500BE1FD2 /* LaunchScreen.storyboard */ = {
			isa = PBXVariantGroup;
			children = (
				8436193A1EDD588500BE1FD2 /* Base */,
			);
			name = LaunchScreen.storyboard;
			sourceTree = "<group>";
		};
/* End PBXVariantGroup section */

/* Begin XCBuildConfiguration section */
		8436193D1EDD588500BE1FD2 /* Debug */ = {
			isa = XCBuildConfiguration;
			buildSettings = {
				ALWAYS_SEARCH_USER_PATHS = NO;
				CLANG_ANALYZER_NONNULL = YES;
				CLANG_ANALYZER_NUMBER_OBJECT_CONVERSION = YES_AGGRESSIVE;
				CLANG_CXX_LANGUAGE_STANDARD = "gnu++0x";
				CLANG_CXX_LIBRARY = "libc++";
				CLANG_ENABLE_MODULES = YES;
				CLANG_ENABLE_OBJC_ARC = YES;
				CLANG_WARN_BOOL_CONVERSION = YES;
				CLANG_WARN_CONSTANT_CONVERSION = YES;
				CLANG_WARN_DIRECT_OBJC_ISA_USAGE = YES_ERROR;
				CLANG_WARN_DOCUMENTATION_COMMENTS = YES;
				CLANG_WARN_EMPTY_BODY = YES;
				CLANG_WARN_ENUM_CONVERSION = YES;
				CLANG_WARN_INFINITE_RECURSION = YES;
				CLANG_WARN_INT_CONVERSION = YES;
				CLANG_WARN_OBJC_ROOT_CLASS = YES_ERROR;
				CLANG_WARN_SUSPICIOUS_MOVE = YES;
				CLANG_WARN_UNREACHABLE_CODE = YES;
				CLANG_WARN__DUPLICATE_METHOD_MATCH = YES;
				"CODE_SIGN_IDENTITY[sdk=iphoneos*]" = "iPhone Developer";
				COPY_PHASE_STRIP = NO;
				DEBUG_INFORMATION_FORMAT = dwarf;
				ENABLE_STRICT_OBJC_MSGSEND = YES;
				ENABLE_TESTABILITY = YES;
				GCC_C_LANGUAGE_STANDARD = gnu99;
				GCC_DYNAMIC_NO_PIC = NO;
				GCC_NO_COMMON_BLOCKS = YES;
				GCC_OPTIMIZATION_LEVEL = 0;
				GCC_PREPROCESSOR_DEFINITIONS = (
					"DEBUG=1",
					"$(inherited)",
				);
				GCC_WARN_64_TO_32_BIT_CONVERSION = YES;
				GCC_WARN_ABOUT_RETURN_TYPE = YES_ERROR;
				GCC_WARN_UNDECLARED_SELECTOR = YES;
				GCC_WARN_UNINITIALIZED_AUTOS = YES_AGGRESSIVE;
				GCC_WARN_UNUSED_FUNCTION = YES;
				GCC_WARN_UNUSED_VARIABLE = YES;
				IPHONEOS_DEPLOYMENT_TARGET = 10.3;
				MTL_ENABLE_DEBUG_INFO = YES;
				ONLY_ACTIVE_ARCH = YES;
				SDKROOT = iphoneos;
				SWIFT_ACTIVE_COMPILATION_CONDITIONS = DEBUG;
				SWIFT_OPTIMIZATION_LEVEL = "-Onone";
				SWIFT_VERSION = 3.0;
				TARGETED_DEVICE_FAMILY = "1,2";
			};
			name = Debug;
		};
		8436193E1EDD588500BE1FD2 /* Release */ = {
			isa = XCBuildConfiguration;
			buildSettings = {
				ALWAYS_SEARCH_USER_PATHS = NO;
				CLANG_ANALYZER_NONNULL = YES;
				CLANG_ANALYZER_NUMBER_OBJECT_CONVERSION = YES_AGGRESSIVE;
				CLANG_CXX_LANGUAGE_STANDARD = "gnu++0x";
				CLANG_CXX_LIBRARY = "libc++";
				CLANG_ENABLE_MODULES = YES;
				CLANG_ENABLE_OBJC_ARC = YES;
				CLANG_WARN_BOOL_CONVERSION = YES;
				CLANG_WARN_CONSTANT_CONVERSION = YES;
				CLANG_WARN_DIRECT_OBJC_ISA_USAGE = YES_ERROR;
				CLANG_WARN_DOCUMENTATION_COMMENTS = YES;
				CLANG_WARN_EMPTY_BODY = YES;
				CLANG_WARN_ENUM_CONVERSION = YES;
				CLANG_WARN_INFINITE_RECURSION = YES;
				CLANG_WARN_INT_CONVERSION = YES;
				CLANG_WARN_OBJC_ROOT_CLASS = YES_ERROR;
				CLANG_WARN_SUSPICIOUS_MOVE = YES;
				CLANG_WARN_UNREACHABLE_CODE = YES;
				CLANG_WARN__DUPLICATE_METHOD_MATCH = YES;
				"CODE_SIGN_IDENTITY[sdk=iphoneos*]" = "iPhone Developer";
				COPY_PHASE_STRIP = NO;
				DEBUG_INFORMATION_FORMAT = "dwarf-with-dsym";
				ENABLE_NS_ASSERTIONS = NO;
				ENABLE_STRICT_OBJC_MSGSEND = YES;
				GCC_C_LANGUAGE_STANDARD = gnu99;
				GCC_NO_COMMON_BLOCKS = YES;
				GCC_WARN_64_TO_32_BIT_CONVERSION = YES;
				GCC_WARN_ABOUT_RETURN_TYPE = YES_ERROR;
				GCC_WARN_UNDECLARED_SELECTOR = YES;
				GCC_WARN_UNINITIALIZED_AUTOS = YES_AGGRESSIVE;
				GCC_WARN_UNUSED_FUNCTION = YES;
				GCC_WARN_UNUSED_VARIABLE = YES;
				IPHONEOS_DEPLOYMENT_TARGET = 10.3;
				MTL_ENABLE_DEBUG_INFO = NO;
				SDKROOT = iphoneos;
				SWIFT_OPTIMIZATION_LEVEL = "-Owholemodule";
				SWIFT_VERSION = 3.0;
				TARGETED_DEVICE_FAMILY = "1,2";
				VALIDATE_PRODUCT = YES;
			};
			name = Release;
		};
		843619401EDD588500BE1FD2 /* Debug */ = {
			isa = XCBuildConfiguration;
			baseConfigurationReference = CBE7D3600A739708C7823F25 /* Pods-letusintroduceyou.debug.xcconfig */;
			buildSettings = {
				ASSETCATALOG_COMPILER_APPICON_NAME = AppIcon;
				DEVELOPMENT_TEAM = 4XK3P8EAYU;
				INFOPLIST_FILE = letusintroduceyou/Info.plist;
				IPHONEOS_DEPLOYMENT_TARGET = 10.0;
				LD_RUNPATH_SEARCH_PATHS = "$(inherited) @executable_path/Frameworks";
				PRODUCT_BUNDLE_IDENTIFIER = com.alisonstech.letusintroduceyou;
				PRODUCT_NAME = "$(TARGET_NAME)";
				SWIFT_VERSION = 3.0;
			};
			name = Debug;
		};
		843619411EDD588500BE1FD2 /* Release */ = {
			isa = XCBuildConfiguration;
			baseConfigurationReference = CA10F17CFD391C84F82B1869 /* Pods-letusintroduceyou.release.xcconfig */;
			buildSettings = {
				ASSETCATALOG_COMPILER_APPICON_NAME = AppIcon;
				DEVELOPMENT_TEAM = 4XK3P8EAYU;
				INFOPLIST_FILE = letusintroduceyou/Info.plist;
				IPHONEOS_DEPLOYMENT_TARGET = 10.0;
				LD_RUNPATH_SEARCH_PATHS = "$(inherited) @executable_path/Frameworks";
				PRODUCT_BUNDLE_IDENTIFIER = com.alisonstech.letusintroduceyou;
				PRODUCT_NAME = "$(TARGET_NAME)";
				SWIFT_VERSION = 3.0;
			};
			name = Release;
		};
/* End XCBuildConfiguration section */

/* Begin XCConfigurationList section */
		843619251EDD588500BE1FD2 /* Build configuration list for PBXProject "letusintroduceyou" */ = {
			isa = XCConfigurationList;
			buildConfigurations = (
				8436193D1EDD588500BE1FD2 /* Debug */,
				8436193E1EDD588500BE1FD2 /* Release */,
			);
			defaultConfigurationIsVisible = 0;
			defaultConfigurationName = Release;
		};
		8436193F1EDD588500BE1FD2 /* Build configuration list for PBXNativeTarget "letusintroduceyou" */ = {
			isa = XCConfigurationList;
			buildConfigurations = (
				843619401EDD588500BE1FD2 /* Debug */,
				843619411EDD588500BE1FD2 /* Release */,
			);
			defaultConfigurationIsVisible = 0;
			defaultConfigurationName = Release;
		};
/* End XCConfigurationList section */

/* Begin XCVersionGroup section */
		843619341EDD588500BE1FD2 /* letusintroduceyou.xcdatamodeld */ = {
			isa = XCVersionGroup;
			children = (
				843619351EDD588500BE1FD2 /* letusintroduceyou.xcdatamodel */,
			);
			currentVersion = 843619351EDD588500BE1FD2 /* letusintroduceyou.xcdatamodel */;
			path = letusintroduceyou.xcdatamodeld;
			sourceTree = "<group>";
			versionGroupType = wrapper.xcdatamodel;
		};
/* End XCVersionGroup section */
	};
	rootObject = 843619221EDD588500BE1FD2 /* Project object */;
}
